<Solution>
  <Project Path="Unity.RenderPipelines.Universal.Runtime.csproj" />
  <Project Path="Assembly-CSharp.csproj" />
  <Project Path="Assembly-CSharp-Editor-firstpass.csproj" />
  <Project Path="Dypsloom.CharacterController.csproj" />
  <Project Path="DiscordGameSDK.csproj" />
  <Project Path="FullscreenEditor.csproj" />
  <Project Path="DialogueEditor.csproj" />
  <Project Path="TrainGame.csproj" />
  <Project Path="DOTween.Modules.csproj" />
  <Project Path="BeautifyDemo.csproj" />
  <Project Path="BeautifyAsmDef.Editor.csproj" />
  <Project Path="Dypsloom.Shared.Utility.csproj" />
  <Project Path="CFXRDemo.csproj" />
  <Project Path="TrainGameMenu.csproj" />
  <Project Path="Assembly-CSharp-firstpass.csproj" />
  <Project Path="ToonyColorsPro.Demo.Editor.csproj" />
  <Project Path="CFXREditor.csproj" />
  <Project Path="CFXRRuntime.csproj" />
  <Project Path="DOTweenPro.EditorScripts.csproj" />
  <Project Path="KinoBloom.Runtime.csproj" />
  <Project Path="DOTweenPro.Scripts.csproj" />
  <Project Path="TrainGameAnalytics.csproj" />
  <Project Path="Unity.RenderPipelines.Universal.Config.Editor.Tests.csproj" />
  <Project Path="TrainGameData.csproj" />
  <Project Path="TrainGame.Editor.csproj" />
  <Project Path="Unity.RenderPipelines.Universal.Config.Runtime.csproj" />
</Solution>
